// !$*UTF8*$!
{
	archiveVersion = 1;
	classes = {
	};
	objectVersion = 56;
	objects = {

/* Begin PBXBuildFile section */
		A01C9DEC2C76335800C9136D /* day5.c in Sources */ = {isa = PBXBuildFile; fileRef = A01C9DEB2C76335800C9136D /* day5.c */; };
		A033CC0D2C8F41870033426A /* day7.c in Sources */ = {isa = PBXBuildFile; fileRef = A033CC0C2C8F41870033426A /* day7.c */; };
		A03774522C8479200022878F /* day5-v2.c in Sources */ = {isa = PBXBuildFile; fileRef = A03774512C8479200022878F /* day5-v2.c */; };
		A04578292C7B62CE0024BDF7 /* day1.c in Sources */ = {isa = PBXBuildFile; fileRef = A04578272C7B62CE0024BDF7 /* day1.c */; };
		A045782C2C7B62D80024BDF7 /* day2.c in Sources */ = {isa = PBXBuildFile; fileRef = A045782B2C7B62D80024BDF7 /* day2.c */; };
		A045782F2C7B62E30024BDF7 /* day3.c in Sources */ = {isa = PBXBuildFile; fileRef = A045782E2C7B62E30024BDF7 /* day3.c */; };
		A04578322C7B62F10024BDF7 /* day4.c in Sources */ = {isa = PBXBuildFile; fileRef = A04578312C7B62F10024BDF7 /* day4.c */; };
		A081295E2C8C00D8004FCEAE /* day6.c in Sources */ = {isa = PBXBuildFile; fileRef = A081295D2C8C00D8004FCEAE /* day6.c */; };
		A091F63A2C67A5A60056E511 /* main.c in Sources */ = {isa = PBXBuildFile; fileRef = A091F6392C67A5A60056E511 /* main.c */; };
/* End PBXBuildFile section */

/* Begin PBXCopyFilesBuildPhase section */
		A091F6342C67A5A60056E511 /* CopyFiles */ = {
			isa = PBXCopyFilesBuildPhase;
			buildActionMask = 2147483647;
			dstPath = /usr/share/man/man1/;
			dstSubfolderSpec = 0;
			files = (
			);
			runOnlyForDeploymentPostprocessing = 1;
		};
/* End PBXCopyFilesBuildPhase section */

/* Begin PBXFileReference section */
		A01C9DE92C75E15300C9136D /* day-5.txt */ = {isa = PBXFileReference; fileEncoding = 4; lastKnownFileType = text; path = "day-5.txt"; sourceTree = "<group>"; };
		A01C9DEA2C76335800C9136D /* day5.h */ = {isa = PBXFileReference; lastKnownFileType = sourcecode.c.h; name = day5.h; path = day5/day5.h; sourceTree = "<group>"; };
		A01C9DEB2C76335800C9136D /* day5.c */ = {isa = PBXFileReference; lastKnownFileType = sourcecode.c.c; name = day5.c; path = day5/day5.c; sourceTree = "<group>"; };
		A029B39E2C69035300A4FBCE /* day-2.txt */ = {isa = PBXFileReference; fileEncoding = 4; lastKnownFileType = text; path = "day-2.txt"; sourceTree = "<group>"; };
		A033CC0B2C8F41870033426A /* day7.h */ = {isa = PBXFileReference; lastKnownFileType = sourcecode.c.h; name = day7.h; path = day7/day7.h; sourceTree = "<group>"; };
		A033CC0C2C8F41870033426A /* day7.c */ = {isa = PBXFileReference; lastKnownFileType = sourcecode.c.c; name = day7.c; path = day7/day7.c; sourceTree = "<group>"; };
		A03774502C8479200022878F /* day5-v2.h */ = {isa = PBXFileReference; lastKnownFileType = sourcecode.c.h; name = "day5-v2.h"; path = "day5/day5-v2.h"; sourceTree = "<group>"; };
		A03774512C8479200022878F /* day5-v2.c */ = {isa = PBXFileReference; lastKnownFileType = sourcecode.c.c; name = "day5-v2.c"; path = "day5/day5-v2.c"; sourceTree = "<group>"; };
		A041EFCB2C73522B00433634 /* day-4.txt */ = {isa = PBXFileReference; lastKnownFileType = text; path = "day-4.txt"; sourceTree = "<group>"; };
		A04578272C7B62CE0024BDF7 /* day1.c */ = {isa = PBXFileReference; fileEncoding = 4; lastKnownFileType = sourcecode.c.c; name = day1.c; path = day1/day1.c; sourceTree = "<group>"; };
		A04578282C7B62CE0024BDF7 /* day1.h */ = {isa = PBXFileReference; fileEncoding = 4; lastKnownFileType = sourcecode.c.h; name = day1.h; path = day1/day1.h; sourceTree = "<group>"; };
		A045782A2C7B62D80024BDF7 /* day2.h */ = {isa = PBXFileReference; fileEncoding = 4; lastKnownFileType = sourcecode.c.h; name = day2.h; path = day2/day2.h; sourceTree = "<group>"; };
		A045782B2C7B62D80024BDF7 /* day2.c */ = {isa = PBXFileReference; fileEncoding = 4; lastKnownFileType = sourcecode.c.c; name = day2.c; path = day2/day2.c; sourceTree = "<group>"; };
		A045782D2C7B62E30024BDF7 /* day3.h */ = {isa = PBXFileReference; fileEncoding = 4; lastKnownFileType = sourcecode.c.h; name = day3.h; path = day3/day3.h; sourceTree = "<group>"; };
		A045782E2C7B62E30024BDF7 /* day3.c */ = {isa = PBXFileReference; fileEncoding = 4; lastKnownFileType = sourcecode.c.c; name = day3.c; path = day3/day3.c; sourceTree = "<group>"; };
		A04578302C7B62F10024BDF7 /* day4.h */ = {isa = PBXFileReference; fileEncoding = 4; lastKnownFileType = sourcecode.c.h; name = day4.h; path = day4/day4.h; sourceTree = "<group>"; };
		A04578312C7B62F10024BDF7 /* day4.c */ = {isa = PBXFileReference; fileEncoding = 4; lastKnownFileType = sourcecode.c.c; name = day4.c; path = day4/day4.c; sourceTree = "<group>"; };
		A081295C2C8C00D8004FCEAE /* day6.h */ = {isa = PBXFileReference; lastKnownFileType = sourcecode.c.h; name = day6.h; path = day6/day6.h; sourceTree = "<group>"; };
		A081295D2C8C00D8004FCEAE /* day6.c */ = {isa = PBXFileReference; lastKnownFileType = sourcecode.c.c; name = day6.c; path = day6/day6.c; sourceTree = "<group>"; };
		A081295F2C8C08C6004FCEAE /* day-6.txt */ = {isa = PBXFileReference; fileEncoding = 4; lastKnownFileType = text; path = "day-6.txt"; sourceTree = "<group>"; };
		A091F6362C67A5A60056E511 /* advent-of-code */ = {isa = PBXFileReference; explicitFileType = "compiled.mach-o.executable"; includeInIndex = 0; path = "advent-of-code"; sourceTree = BUILT_PRODUCTS_DIR; };
		A091F6392C67A5A60056E511 /* main.c */ = {isa = PBXFileReference; lastKnownFileType = sourcecode.c.c; path = main.c; sourceTree = "<group>"; };
		A091F6402C67A9880056E511 /* day-1.txt */ = {isa = PBXFileReference; fileEncoding = 4; lastKnownFileType = text; path = "day-1.txt"; sourceTree = "<group>"; };
		A0CADF752C6CECEE0018468E /* day-3.txt */ = {isa = PBXFileReference; lastKnownFileType = text; path = "day-3.txt"; sourceTree = "<group>"; };
		A0E37A4C2C909760005FD076 /* day-7.txt */ = {isa = PBXFileReference; lastKnownFileType = text; path = "day-7.txt"; sourceTree = "<group>"; };
/* End PBXFileReference section */

/* Begin PBXFrameworksBuildPhase section */
		A091F6332C67A5A60056E511 /* Frameworks */ = {
			isa = PBXFrameworksBuildPhase;
			buildActionMask = 2147483647;
			files = (
			);
			runOnlyForDeploymentPostprocessing = 0;
		};
/* End PBXFrameworksBuildPhase section */

/* Begin PBXGroup section */
		A091F62D2C67A5A60056E511 = {
			isa = PBXGroup;
			children = (
				A091F6412C67A9880056E511 /* resources */,
				A091F6382C67A5A60056E511 /* advent-of-code */,
				A091F6372C67A5A60056E511 /* Products */,
			);
			sourceTree = "<group>";
		};
		A091F6372C67A5A60056E511 /* Products */ = {
			isa = PBXGroup;
			children = (
				A091F6362C67A5A60056E511 /* advent-of-code */,
			);
			name = Products;
			sourceTree = "<group>";
		};
		A091F6382C67A5A60056E511 /* advent-of-code */ = {
			isa = PBXGroup;
			children = (
				A04578312C7B62F10024BDF7 /* day4.c */,
				A04578302C7B62F10024BDF7 /* day4.h */,
				A045782E2C7B62E30024BDF7 /* day3.c */,
				A045782D2C7B62E30024BDF7 /* day3.h */,
				A045782B2C7B62D80024BDF7 /* day2.c */,
				A045782A2C7B62D80024BDF7 /* day2.h */,
				A04578272C7B62CE0024BDF7 /* day1.c */,
				A04578282C7B62CE0024BDF7 /* day1.h */,
				A091F6392C67A5A60056E511 /* main.c */,
				A01C9DEA2C76335800C9136D /* day5.h */,
				A01C9DEB2C76335800C9136D /* day5.c */,
				A03774502C8479200022878F /* day5-v2.h */,
				A03774512C8479200022878F /* day5-v2.c */,
				A081295C2C8C00D8004FCEAE /* day6.h */,
				A081295D2C8C00D8004FCEAE /* day6.c */,
				A033CC0B2C8F41870033426A /* day7.h */,
				A033CC0C2C8F41870033426A /* day7.c */,
			);
			path = "advent-of-code";
			sourceTree = "<group>";
		};
		A091F6412C67A9880056E511 /* resources */ = {
			isa = PBXGroup;
			children = (
				A0E37A4C2C909760005FD076 /* day-7.txt */,
				A081295F2C8C08C6004FCEAE /* day-6.txt */,
				A01C9DE92C75E15300C9136D /* day-5.txt */,
				A041EFCB2C73522B00433634 /* day-4.txt */,
				A0CADF752C6CECEE0018468E /* day-3.txt */,
				A029B39E2C69035300A4FBCE /* day-2.txt */,
				A091F6402C67A9880056E511 /* day-1.txt */,
			);
			path = resources;
			sourceTree = "<group>";
		};
/* End PBXGroup section */

/* Begin PBXNativeTarget section */
		A091F6352C67A5A60056E511 /* advent-of-code */ = {
			isa = PBXNativeTarget;
			buildConfigurationList = A091F63D2C67A5A60056E511 /* Build configuration list for PBXNativeTarget "advent-of-code" */;
			buildPhases = (
				A091F6322C67A5A60056E511 /* Sources */,
				A091F6332C67A5A60056E511 /* Frameworks */,
				A091F6342C67A5A60056E511 /* CopyFiles */,
			);
			buildRules = (
			);
			dependencies = (
			);
			name = "advent-of-code";
			productName = "advent-of-code";
			productReference = A091F6362C67A5A60056E511 /* advent-of-code */;
			productType = "com.apple.product-type.tool";
		};
/* End PBXNativeTarget section */

/* Begin PBXProject section */
		A091F62E2C67A5A60056E511 /* Project object */ = {
			isa = PBXProject;
			attributes = {
				BuildIndependentTargetsInParallel = 1;
				LastUpgradeCheck = 1530;
				TargetAttributes = {
					A091F6352C67A5A60056E511 = {
						CreatedOnToolsVersion = 15.3;
					};
				};
			};
			buildConfigurationList = A091F6312C67A5A60056E511 /* Build configuration list for PBXProject "advent-of-code" */;
			compatibilityVersion = "Xcode 14.0";
			developmentRegion = en;
			hasScannedForEncodings = 0;
			knownRegions = (
				en,
				Base,
			);
			mainGroup = A091F62D2C67A5A60056E511;
			productRefGroup = A091F6372C67A5A60056E511 /* Products */;
			projectDirPath = "";
			projectRoot = "";
			targets = (
				A091F6352C67A5A60056E511 /* advent-of-code */,
			);
		};
/* End PBXProject section */

/* Begin PBXSourcesBuildPhase section */
		A091F6322C67A5A60056E511 /* Sources */ = {
			isa = PBXSourcesBuildPhase;
			buildActionMask = 2147483647;
			files = (
				A045782F2C7B62E30024BDF7 /* day3.c in Sources */,
				A03774522C8479200022878F /* day5-v2.c in Sources */,
				A04578322C7B62F10024BDF7 /* day4.c in Sources */,
				A081295E2C8C00D8004FCEAE /* day6.c in Sources */,
				A033CC0D2C8F41870033426A /* day7.c in Sources */,
				A01C9DEC2C76335800C9136D /* day5.c in Sources */,
				A04578292C7B62CE0024BDF7 /* day1.c in Sources */,
				A091F63A2C67A5A60056E511 /* main.c in Sources */,
				A045782C2C7B62D80024BDF7 /* day2.c in Sources */,
			);
			runOnlyForDeploymentPostprocessing = 0;
		};
/* End PBXSourcesBuildPhase section */

/* Begin XCBuildConfiguration section */
		A091F63B2C67A5A60056E511 /* Debug */ = {
			isa = XCBuildConfiguration;
			buildSettings = {
				ALWAYS_SEARCH_USER_PATHS = NO;
				ASSETCATALOG_COMPILER_GENERATE_SWIFT_ASSET_SYMBOL_EXTENSIONS = YES;
				CLANG_ANALYZER_NONNULL = YES;
				CLANG_ANALYZER_NUMBER_OBJECT_CONVERSION = YES_AGGRESSIVE;
				CLANG_CXX_LANGUAGE_STANDARD = "gnu++20";
				CLANG_ENABLE_MODULES = YES;
				CLANG_ENABLE_OBJC_ARC = YES;
				CLANG_ENABLE_OBJC_WEAK = YES;
				CLANG_WARN_BLOCK_CAPTURE_AUTORELEASING = YES;
				CLANG_WARN_BOOL_CONVERSION = YES;
				CLANG_WARN_COMMA = YES;
				CLANG_WARN_CONSTANT_CONVERSION = YES;
				CLANG_WARN_DEPRECATED_OBJC_IMPLEMENTATIONS = YES;
				CLANG_WARN_DIRECT_OBJC_ISA_USAGE = YES_ERROR;
				CLANG_WARN_DOCUMENTATION_COMMENTS = YES;
				CLANG_WARN_EMPTY_BODY = YES;
				CLANG_WARN_ENUM_CONVERSION = YES;
				CLANG_WARN_INFINITE_RECURSION = YES;
				CLANG_WARN_INT_CONVERSION = YES;
				CLANG_WARN_NON_LITERAL_NULL_CONVERSION = YES;
				CLANG_WARN_OBJC_IMPLICIT_RETAIN_SELF = YES;
				CLANG_WARN_OBJC_LITERAL_CONVERSION = YES;
				CLANG_WARN_OBJC_ROOT_CLASS = YES_ERROR;
				CLANG_WARN_QUOTED_INCLUDE_IN_FRAMEWORK_HEADER = YES;
				CLANG_WARN_RANGE_LOOP_ANALYSIS = YES;
				CLANG_WARN_STRICT_PROTOTYPES = YES;
				CLANG_WARN_SUSPICIOUS_MOVE = YES;
				CLANG_WARN_UNGUARDED_AVAILABILITY = YES_AGGRESSIVE;
				CLANG_WARN_UNREACHABLE_CODE = YES;
				CLANG_WARN__DUPLICATE_METHOD_MATCH = YES;
				COPY_PHASE_STRIP = NO;
				DEBUG_INFORMATION_FORMAT = dwarf;
				ENABLE_STRICT_OBJC_MSGSEND = YES;
				ENABLE_TESTABILITY = YES;
				ENABLE_USER_SCRIPT_SANDBOXING = YES;
				GCC_C_LANGUAGE_STANDARD = gnu17;
				GCC_DYNAMIC_NO_PIC = NO;
				GCC_NO_COMMON_BLOCKS = YES;
				GCC_OPTIMIZATION_LEVEL = 0;
				GCC_PREPROCESSOR_DEFINITIONS = (
					"DEBUG=1",
					"$(inherited)",
				);
				GCC_WARN_64_TO_32_BIT_CONVERSION = YES;
				GCC_WARN_ABOUT_RETURN_TYPE = YES_ERROR;
				GCC_WARN_UNDECLARED_SELECTOR = YES;
				GCC_WARN_UNINITIALIZED_AUTOS = YES_AGGRESSIVE;
				GCC_WARN_UNUSED_FUNCTION = YES;
				GCC_WARN_UNUSED_VARIABLE = YES;
				LOCALIZATION_PREFERS_STRING_CATALOGS = YES;
				MACOSX_DEPLOYMENT_TARGET = 14.1;
				MTL_ENABLE_DEBUG_INFO = INCLUDE_SOURCE;
				MTL_FAST_MATH = YES;
				ONLY_ACTIVE_ARCH = YES;
				SDKROOT = macosx;
			};
			name = Debug;
		};
		A091F63C2C67A5A60056E511 /* Release */ = {
			isa = XCBuildConfiguration;
			buildSettings = {
				ALWAYS_SEARCH_USER_PATHS = NO;
				ASSETCATALOG_COMPILER_GENERATE_SWIFT_ASSET_SYMBOL_EXTENSIONS = YES;
				CLANG_ANALYZER_NONNULL = YES;
				CLANG_ANALYZER_NUMBER_OBJECT_CONVERSION = YES_AGGRESSIVE;
				CLANG_CXX_LANGUAGE_STANDARD = "gnu++20";
				CLANG_ENABLE_MODULES = YES;
				CLANG_ENABLE_OBJC_ARC = YES;
				CLANG_ENABLE_OBJC_WEAK = YES;
				CLANG_WARN_BLOCK_CAPTURE_AUTORELEASING = YES;
				CLANG_WARN_BOOL_CONVERSION = YES;
				CLANG_WARN_COMMA = YES;
				CLANG_WARN_CONSTANT_CONVERSION = YES;
				CLANG_WARN_DEPRECATED_OBJC_IMPLEMENTATIONS = YES;
				CLANG_WARN_DIRECT_OBJC_ISA_USAGE = YES_ERROR;
				CLANG_WARN_DOCUMENTATION_COMMENTS = YES;
				CLANG_WARN_EMPTY_BODY = YES;
				CLANG_WARN_ENUM_CONVERSION = YES;
				CLANG_WARN_INFINITE_RECURSION = YES;
				CLANG_WARN_INT_CONVERSION = YES;
				CLANG_WARN_NON_LITERAL_NULL_CONVERSION = YES;
				CLANG_WARN_OBJC_IMPLICIT_RETAIN_SELF = YES;
				CLANG_WARN_OBJC_LITERAL_CONVERSION = YES;
				CLANG_WARN_OBJC_ROOT_CLASS = YES_ERROR;
				CLANG_WARN_QUOTED_INCLUDE_IN_FRAMEWORK_HEADER = YES;
				CLANG_WARN_RANGE_LOOP_ANALYSIS = YES;
				CLANG_WARN_STRICT_PROTOTYPES = YES;
				CLANG_WARN_SUSPICIOUS_MOVE = YES;
				CLANG_WARN_UNGUARDED_AVAILABILITY = YES_AGGRESSIVE;
				CLANG_WARN_UNREACHABLE_CODE = YES;
				CLANG_WARN__DUPLICATE_METHOD_MATCH = YES;
				COPY_PHASE_STRIP = NO;
				DEBUG_INFORMATION_FORMAT = "dwarf-with-dsym";
				ENABLE_NS_ASSERTIONS = NO;
				ENABLE_STRICT_OBJC_MSGSEND = YES;
				ENABLE_USER_SCRIPT_SANDBOXING = YES;
				GCC_C_LANGUAGE_STANDARD = gnu17;
				GCC_NO_COMMON_BLOCKS = YES;
				GCC_WARN_64_TO_32_BIT_CONVERSION = YES;
				GCC_WARN_ABOUT_RETURN_TYPE = YES_ERROR;
				GCC_WARN_UNDECLARED_SELECTOR = YES;
				GCC_WARN_UNINITIALIZED_AUTOS = YES_AGGRESSIVE;
				GCC_WARN_UNUSED_FUNCTION = YES;
				GCC_WARN_UNUSED_VARIABLE = YES;
				LOCALIZATION_PREFERS_STRING_CATALOGS = YES;
				MACOSX_DEPLOYMENT_TARGET = 14.1;
				MTL_ENABLE_DEBUG_INFO = NO;
				MTL_FAST_MATH = YES;
				SDKROOT = macosx;
			};
			name = Release;
		};
		A091F63E2C67A5A60056E511 /* Debug */ = {
			isa = XCBuildConfiguration;
			buildSettings = {
				CODE_SIGN_STYLE = Automatic;
				PRODUCT_NAME = "$(TARGET_NAME)";
			};
			name = Debug;
		};
		A091F63F2C67A5A60056E511 /* Release */ = {
			isa = XCBuildConfiguration;
			buildSettings = {
				CODE_SIGN_STYLE = Automatic;
				PRODUCT_NAME = "$(TARGET_NAME)";
			};
			name = Release;
		};
/* End XCBuildConfiguration section */

/* Begin XCConfigurationList section */
		A091F6312C67A5A60056E511 /* Build configuration list for PBXProject "advent-of-code" */ = {
			isa = XCConfigurationList;
			buildConfigurations = (
				A091F63B2C67A5A60056E511 /* Debug */,
				A091F63C2C67A5A60056E511 /* Release */,
			);
			defaultConfigurationIsVisible = 0;
			defaultConfigurationName = Release;
		};
		A091F63D2C67A5A60056E511 /* Build configuration list for PBXNativeTarget "advent-of-code" */ = {
			isa = XCConfigurationList;
			buildConfigurations = (
				A091F63E2C67A5A60056E511 /* Debug */,
				A091F63F2C67A5A60056E511 /* Release */,
			);
			defaultConfigurationIsVisible = 0;
			defaultConfigurationName = Release;
		};
/* End XCConfigurationList section */
	};
	rootObject = A091F62E2C67A5A60056E511 /* Project object */;
}
